// !$*UTF8*$!
{
	archiveVersion = 1;
	classes = {
	};
	objectVersion = 63;
	objects = {

/* Begin PBXBuildFile section */
		0A64933ECEC03AACC7B72B9D /* DiagnosticsLogger.swift in Sources */ = {isa = PBXBuildFile; fileRef = B891EC912E12D38750ED338C /* DiagnosticsLogger.swift */; };
		1815FCE09B51762B38E5A73C /* YtDlpClient.swift in Sources */ = {isa = PBXBuildFile; fileRef = 104AC197F3E43D26B3B19C25 /* YtDlpClient.swift */; };
		22AACC6B1C14CE9EAACAEEC5 /* LongPlayUITests.swift in Sources */ = {isa = PBXBuildFile; fileRef = A234124F9F19264781D5A485 /* LongPlayUITests.swift */; };
		2EC490F0E77B40DDD2D56FBD /* DownloadManager.swift in Sources */ = {isa = PBXBuildFile; fileRef = 568F5146C0ADF6CC8CECC574 /* DownloadManager.swift */; };
		33A6116EC4D71C704644D741 /* MenuBarLabelView.swift in Sources */ = {isa = PBXBuildFile; fileRef = 475F726D5E95E321629190C2 /* MenuBarLabelView.swift */; };
		438822125E9CBFB5EEC6CB28 /* URLValidatorTests.swift in Sources */ = {isa = PBXBuildFile; fileRef = EC807784851D5D8C5023C26A /* URLValidatorTests.swift */; };
		5B34B748F1438A7DF9461DE9 /* LongPlayApp.swift in Sources */ = {isa = PBXBuildFile; fileRef = CBF45F3D95CAE89A623DD1A8 /* LongPlayApp.swift */; };
		674228E5B9E8E472ED0E4CDC /* Assets.xcassets in Resources */ = {isa = PBXBuildFile; fileRef = 70EF097B34AC70D214AD8206 /* Assets.xcassets */; };
		6D4FE929433891F68D396353 /* Track.swift in Sources */ = {isa = PBXBuildFile; fileRef = B008A05ADD3FF001551C3648 /* Track.swift */; };
		773828250ED003F5C11999AA /* PlaybackController.swift in Sources */ = {isa = PBXBuildFile; fileRef = 038971798A3D5B3BB0197C31 /* PlaybackController.swift */; };
		7FDD7C8749C63ADDF4566626 /* NotificationManager.swift in Sources */ = {isa = PBXBuildFile; fileRef = 751363014FB175AEC734B11C /* NotificationManager.swift */; };
		955C8D52938C670ACD78742D /* MenuBarContentView.swift in Sources */ = {isa = PBXBuildFile; fileRef = 945700A6E76399ADBF4EAB4D /* MenuBarContentView.swift */; };
		9BE16290BC22CDB639BF6AFC /* AppPaths.swift in Sources */ = {isa = PBXBuildFile; fileRef = F79AD5D69C726DA17FC29662 /* AppPaths.swift */; };
		9C771FA676013AAAFA6A91E7 /* URLValidator.swift in Sources */ = {isa = PBXBuildFile; fileRef = 198DD2DDAD27AD36559790BE /* URLValidator.swift */; };
		A8C6EAB981DD50252A793B7C /* NetworkMonitor.swift in Sources */ = {isa = PBXBuildFile; fileRef = CBE63D78D68BFBD7E40BA17F /* NetworkMonitor.swift */; };
		BCA0014FD4C8857A023444FD /* Library.swift in Sources */ = {isa = PBXBuildFile; fileRef = 99132F07D2CEBE82DA612836 /* Library.swift */; };
		D890D1C7AD76FF618AB9D8B8 /* LibraryStore.swift in Sources */ = {isa = PBXBuildFile; fileRef = C873901169AFBA8D6073A8E0 /* LibraryStore.swift */; };
		DE06CD85D3B86DE145970B9F /* MetadataResolver.swift in Sources */ = {isa = PBXBuildFile; fileRef = FFE10CBD3062ACB8F748396E /* MetadataResolver.swift */; };
/* End PBXBuildFile section */

/* Begin PBXContainerItemProxy section */
		1A960594905C23A83DC751E5 /* PBXContainerItemProxy */ = {
			isa = PBXContainerItemProxy;
			containerPortal = 0A3F4F96FCD3C2EFA825BA62 /* Project object */;
			proxyType = 1;
			remoteGlobalIDString = 92734DCEB2EA188AD30B87F6;
			remoteInfo = LongPlay;
		};
		4BCC3B5ED9053833D4F31823 /* PBXContainerItemProxy */ = {
			isa = PBXContainerItemProxy;
			containerPortal = 0A3F4F96FCD3C2EFA825BA62 /* Project object */;
			proxyType = 1;
			remoteGlobalIDString = 92734DCEB2EA188AD30B87F6;
			remoteInfo = LongPlay;
		};
/* End PBXContainerItemProxy section */

/* Begin PBXFileReference section */
		038971798A3D5B3BB0197C31 /* PlaybackController.swift */ = {isa = PBXFileReference; lastKnownFileType = sourcecode.swift; path = PlaybackController.swift; sourceTree = "<group>"; };
		104AC197F3E43D26B3B19C25 /* YtDlpClient.swift */ = {isa = PBXFileReference; lastKnownFileType = sourcecode.swift; path = YtDlpClient.swift; sourceTree = "<group>"; };
		198DD2DDAD27AD36559790BE /* URLValidator.swift */ = {isa = PBXFileReference; lastKnownFileType = sourcecode.swift; path = URLValidator.swift; sourceTree = "<group>"; };
		2AE44025648A2DD2D2EED889 /* LongPlayUITests.xctest */ = {isa = PBXFileReference; explicitFileType = wrapper.cfbundle; includeInIndex = 0; path = LongPlayUITests.xctest; sourceTree = BUILT_PRODUCTS_DIR; };
		475F726D5E95E321629190C2 /* MenuBarLabelView.swift */ = {isa = PBXFileReference; lastKnownFileType = sourcecode.swift; path = MenuBarLabelView.swift; sourceTree = "<group>"; };
		568F5146C0ADF6CC8CECC574 /* DownloadManager.swift */ = {isa = PBXFileReference; lastKnownFileType = sourcecode.swift; path = DownloadManager.swift; sourceTree = "<group>"; };
		619BBD6C2746326C84E77B80 /* LongPlay.app */ = {isa = PBXFileReference; explicitFileType = wrapper.application; includeInIndex = 0; path = LongPlay.app; sourceTree = BUILT_PRODUCTS_DIR; };
		70EF097B34AC70D214AD8206 /* Assets.xcassets */ = {isa = PBXFileReference; lastKnownFileType = folder.assetcatalog; path = Assets.xcassets; sourceTree = "<group>"; };
		751363014FB175AEC734B11C /* NotificationManager.swift */ = {isa = PBXFileReference; lastKnownFileType = sourcecode.swift; path = NotificationManager.swift; sourceTree = "<group>"; };
		945700A6E76399ADBF4EAB4D /* MenuBarContentView.swift */ = {isa = PBXFileReference; lastKnownFileType = sourcecode.swift; path = MenuBarContentView.swift; sourceTree = "<group>"; };
		99132F07D2CEBE82DA612836 /* Library.swift */ = {isa = PBXFileReference; lastKnownFileType = sourcecode.swift; path = Library.swift; sourceTree = "<group>"; };
		A234124F9F19264781D5A485 /* LongPlayUITests.swift */ = {isa = PBXFileReference; lastKnownFileType = sourcecode.swift; path = LongPlayUITests.swift; sourceTree = "<group>"; };
		B008A05ADD3FF001551C3648 /* Track.swift */ = {isa = PBXFileReference; lastKnownFileType = sourcecode.swift; path = Track.swift; sourceTree = "<group>"; };
		B03FE307AFC71B607FD3D90F /* LongPlayTests.xctest */ = {isa = PBXFileReference; explicitFileType = wrapper.cfbundle; includeInIndex = 0; path = LongPlayTests.xctest; sourceTree = BUILT_PRODUCTS_DIR; };
		B891EC912E12D38750ED338C /* DiagnosticsLogger.swift */ = {isa = PBXFileReference; lastKnownFileType = sourcecode.swift; path = DiagnosticsLogger.swift; sourceTree = "<group>"; };
		C873901169AFBA8D6073A8E0 /* LibraryStore.swift */ = {isa = PBXFileReference; lastKnownFileType = sourcecode.swift; path = LibraryStore.swift; sourceTree = "<group>"; };
		CBE63D78D68BFBD7E40BA17F /* NetworkMonitor.swift */ = {isa = PBXFileReference; lastKnownFileType = sourcecode.swift; path = NetworkMonitor.swift; sourceTree = "<group>"; };
		CBF45F3D95CAE89A623DD1A8 /* LongPlayApp.swift */ = {isa = PBXFileReference; lastKnownFileType = sourcecode.swift; path = LongPlayApp.swift; sourceTree = "<group>"; };
		EC807784851D5D8C5023C26A /* URLValidatorTests.swift */ = {isa = PBXFileReference; lastKnownFileType = sourcecode.swift; path = URLValidatorTests.swift; sourceTree = "<group>"; };
		F79AD5D69C726DA17FC29662 /* AppPaths.swift */ = {isa = PBXFileReference; lastKnownFileType = sourcecode.swift; path = AppPaths.swift; sourceTree = "<group>"; };
		FFE10CBD3062ACB8F748396E /* MetadataResolver.swift */ = {isa = PBXFileReference; lastKnownFileType = sourcecode.swift; path = MetadataResolver.swift; sourceTree = "<group>"; };
/* End PBXFileReference section */

/* Begin PBXGroup section */
		3E50EED4635C99E5EAD1E276 = {
			isa = PBXGroup;
			children = (
				F35A06325C2F39012DBCB017 /* LongPlay */,
				C08E3564B9A9F7298AC1B8F4 /* LongPlayTests */,
				B29243641C21F2C42118BAC0 /* LongPlayUITests */,
				760BB8554FBE0A132EAAFDC9 /* Products */,
			);
			sourceTree = "<group>";
		};
		58AC9DF8DD76EE8E4DF51DBF /* Models */ = {
			isa = PBXGroup;
			children = (
				99132F07D2CEBE82DA612836 /* Library.swift */,
				B008A05ADD3FF001551C3648 /* Track.swift */,
			);
			path = Models;
			sourceTree = "<group>";
		};
		760BB8554FBE0A132EAAFDC9 /* Products */ = {
			isa = PBXGroup;
			children = (
				619BBD6C2746326C84E77B80 /* LongPlay.app */,
				B03FE307AFC71B607FD3D90F /* LongPlayTests.xctest */,
				2AE44025648A2DD2D2EED889 /* LongPlayUITests.xctest */,
			);
			name = Products;
			sourceTree = "<group>";
		};
		B15A9772CCF819BD73274523 /* UI */ = {
			isa = PBXGroup;
			children = (
				CBF45F3D95CAE89A623DD1A8 /* LongPlayApp.swift */,
				945700A6E76399ADBF4EAB4D /* MenuBarContentView.swift */,
				475F726D5E95E321629190C2 /* MenuBarLabelView.swift */,
			);
			path = UI;
			sourceTree = "<group>";
		};
		B29243641C21F2C42118BAC0 /* LongPlayUITests */ = {
			isa = PBXGroup;
			children = (
				A234124F9F19264781D5A485 /* LongPlayUITests.swift */,
			);
			name = LongPlayUITests;
			path = Tests/LongPlayUITests;
			sourceTree = "<group>";
		};
		C08E3564B9A9F7298AC1B8F4 /* LongPlayTests */ = {
			isa = PBXGroup;
			children = (
				EC807784851D5D8C5023C26A /* URLValidatorTests.swift */,
			);
			name = LongPlayTests;
			path = Tests/LongPlayTests;
			sourceTree = "<group>";
		};
		E8124A5A3E488E65381F2AEC /* Services */ = {
			isa = PBXGroup;
			children = (
				F79AD5D69C726DA17FC29662 /* AppPaths.swift */,
				B891EC912E12D38750ED338C /* DiagnosticsLogger.swift */,
				568F5146C0ADF6CC8CECC574 /* DownloadManager.swift */,
				C873901169AFBA8D6073A8E0 /* LibraryStore.swift */,
				FFE10CBD3062ACB8F748396E /* MetadataResolver.swift */,
				CBE63D78D68BFBD7E40BA17F /* NetworkMonitor.swift */,
				751363014FB175AEC734B11C /* NotificationManager.swift */,
				038971798A3D5B3BB0197C31 /* PlaybackController.swift */,
				198DD2DDAD27AD36559790BE /* URLValidator.swift */,
				104AC197F3E43D26B3B19C25 /* YtDlpClient.swift */,
			);
			path = Services;
			sourceTree = "<group>";
		};
		F35A06325C2F39012DBCB017 /* LongPlay */ = {
			isa = PBXGroup;
			children = (
				70EF097B34AC70D214AD8206 /* Assets.xcassets */,
				58AC9DF8DD76EE8E4DF51DBF /* Models */,
				E8124A5A3E488E65381F2AEC /* Services */,
				B15A9772CCF819BD73274523 /* UI */,
			);
			name = LongPlay;
			path = Sources/LongPlay;
			sourceTree = "<group>";
		};
/* End PBXGroup section */

/* Begin PBXNativeTarget section */
		201F1A60F9DA5AA5DE1AE59A /* LongPlayUITests */ = {
			isa = PBXNativeTarget;
			buildConfigurationList = 7043EA28C00DAB80933E76B8 /* Build configuration list for PBXNativeTarget "LongPlayUITests" */;
			buildPhases = (
				09B8A30E90310B1D73C8A78F /* Sources */,
			);
			buildRules = (
			);
			dependencies = (
				A3499CD1780F549552305195 /* PBXTargetDependency */,
			);
			name = LongPlayUITests;
			packageProductDependencies = (
			);
			productName = LongPlayUITests;
			productReference = 2AE44025648A2DD2D2EED889 /* LongPlayUITests.xctest */;
			productType = "com.apple.product-type.bundle.ui-testing";
		};
		92734DCEB2EA188AD30B87F6 /* LongPlay */ = {
			isa = PBXNativeTarget;
			buildConfigurationList = 2EB5084476187FC7A3D1C4B4 /* Build configuration list for PBXNativeTarget "LongPlay" */;
			buildPhases = (
				B21081955FAAD44DC56A76F8 /* Fetch yt-dlp */,
				65E6BB8200F06E80480FAB4E /* Fetch ffmpeg */,
				E945FF5812CC9A0DBD6A1C5C /* Fetch deno */,
				F0F64C2955DCB14DEA0BC15A /* Sources */,
				D35CF6E695E0FAA3C655C52E /* Resources */,
			);
			buildRules = (
			);
			dependencies = (
			);
			name = LongPlay;
			packageProductDependencies = (
			);
			productName = LongPlay;
			productReference = 619BBD6C2746326C84E77B80 /* LongPlay.app */;
			productType = "com.apple.product-type.application";
		};
		B13EB6D9E333C7F6324376BC /* LongPlayTests */ = {
			isa = PBXNativeTarget;
			buildConfigurationList = CF74A6D9DFD09980F5A0CD3C /* Build configuration list for PBXNativeTarget "LongPlayTests" */;
			buildPhases = (
				128B45C065370F7392FD3F9B /* Sources */,
			);
			buildRules = (
			);
			dependencies = (
				6B028ABB8634EE6D0F71EB3B /* PBXTargetDependency */,
			);
			name = LongPlayTests;
			packageProductDependencies = (
			);
			productName = LongPlayTests;
			productReference = B03FE307AFC71B607FD3D90F /* LongPlayTests.xctest */;
			productType = "com.apple.product-type.bundle.unit-test";
		};
/* End PBXNativeTarget section */

/* Begin PBXProject section */
		0A3F4F96FCD3C2EFA825BA62 /* Project object */ = {
			isa = PBXProject;
			attributes = {
				BuildIndependentTargetsInParallel = YES;
				LastUpgradeCheck = 1430;
				TargetAttributes = {
					201F1A60F9DA5AA5DE1AE59A = {
						DevelopmentTeam = "";
						ProvisioningStyle = Automatic;
						TestTargetID = 92734DCEB2EA188AD30B87F6;
					};
					92734DCEB2EA188AD30B87F6 = {
						ProvisioningStyle = Automatic;
					};
					B13EB6D9E333C7F6324376BC = {
						DevelopmentTeam = "";
						ProvisioningStyle = Automatic;
					};
				};
			};
			buildConfigurationList = 46A133B80FD979E32B0F4D95 /* Build configuration list for PBXProject "LongPlay" */;
			compatibilityVersion = "Xcode 14.0";
			developmentRegion = en;
			hasScannedForEncodings = 0;
			knownRegions = (
				Base,
				en,
			);
			mainGroup = 3E50EED4635C99E5EAD1E276;
			minimizedProjectReferenceProxies = 1;
			projectDirPath = "";
			projectRoot = "";
			targets = (
				92734DCEB2EA188AD30B87F6 /* LongPlay */,
				B13EB6D9E333C7F6324376BC /* LongPlayTests */,
				201F1A60F9DA5AA5DE1AE59A /* LongPlayUITests */,
			);
		};
/* End PBXProject section */

/* Begin PBXResourcesBuildPhase section */
		D35CF6E695E0FAA3C655C52E /* Resources */ = {
			isa = PBXResourcesBuildPhase;
			buildActionMask = 2147483647;
			files = (
				674228E5B9E8E472ED0E4CDC /* Assets.xcassets in Resources */,
			);
			runOnlyForDeploymentPostprocessing = 0;
		};
/* End PBXResourcesBuildPhase section */

/* Begin PBXShellScriptBuildPhase section */
		65E6BB8200F06E80480FAB4E /* Fetch ffmpeg */ = {
			isa = PBXShellScriptBuildPhase;
			buildActionMask = 2147483647;
			files = (
			);
			inputFileListPaths = (
			);
			inputPaths = (
				"scripts/fetch-ffmpeg.sh",
			);
			name = "Fetch ffmpeg";
			outputFileListPaths = (
			);
			outputPaths = (
				Resources/bin/ffmpeg,
				Resources/bin/ffprobe,
				"$(TARGET_BUILD_DIR)/$(UNLOCALIZED_RESOURCES_FOLDER_PATH)/bin/ffmpeg",
				"$(TARGET_BUILD_DIR)/$(UNLOCALIZED_RESOURCES_FOLDER_PATH)/bin/ffprobe",
			);
			runOnlyForDeploymentPostprocessing = 0;
			shellPath = /bin/sh;
			shellScript = "scripts/fetch-ffmpeg.sh";
			showEnvVarsInLog = 0;
		};
		B21081955FAAD44DC56A76F8 /* Fetch yt-dlp */ = {
			isa = PBXShellScriptBuildPhase;
			buildActionMask = 2147483647;
			files = (
			);
			inputFileListPaths = (
			);
			inputPaths = (
				"scripts/fetch-yt-dlp.sh",
			);
			name = "Fetch yt-dlp";
			outputFileListPaths = (
			);
			outputPaths = (
				"Resources/bin/yt-dlp",
				"$(TARGET_BUILD_DIR)/$(UNLOCALIZED_RESOURCES_FOLDER_PATH)/bin/yt-dlp",
			);
			runOnlyForDeploymentPostprocessing = 0;
			shellPath = /bin/sh;
			shellScript = "scripts/fetch-yt-dlp.sh";
			showEnvVarsInLog = 0;
		};
		E945FF5812CC9A0DBD6A1C5C /* Fetch deno */ = {
			isa = PBXShellScriptBuildPhase;
			buildActionMask = 2147483647;
			files = (
			);
			inputFileListPaths = (
			);
			inputPaths = (
				"scripts/fetch-deno.sh",
			);
			name = "Fetch deno";
			outputFileListPaths = (
			);
			outputPaths = (
				Resources/bin/deno,
				"$(TARGET_BUILD_DIR)/$(UNLOCALIZED_RESOURCES_FOLDER_PATH)/bin/deno",
			);
			runOnlyForDeploymentPostprocessing = 0;
			shellPath = /bin/sh;
			shellScript = "scripts/fetch-deno.sh";
			showEnvVarsInLog = 0;
		};
/* End PBXShellScriptBuildPhase section */

/* Begin PBXSourcesBuildPhase section */
		09B8A30E90310B1D73C8A78F /* Sources */ = {
			isa = PBXSourcesBuildPhase;
			buildActionMask = 2147483647;
			files = (
				22AACC6B1C14CE9EAACAEEC5 /* LongPlayUITests.swift in Sources */,
			);
			runOnlyForDeploymentPostprocessing = 0;
		};
		128B45C065370F7392FD3F9B /* Sources */ = {
			isa = PBXSourcesBuildPhase;
			buildActionMask = 2147483647;
			files = (
				438822125E9CBFB5EEC6CB28 /* URLValidatorTests.swift in Sources */,
			);
			runOnlyForDeploymentPostprocessing = 0;
		};
		F0F64C2955DCB14DEA0BC15A /* Sources */ = {
			isa = PBXSourcesBuildPhase;
			buildActionMask = 2147483647;
			files = (
				9BE16290BC22CDB639BF6AFC /* AppPaths.swift in Sources */,
				0A64933ECEC03AACC7B72B9D /* DiagnosticsLogger.swift in Sources */,
				2EC490F0E77B40DDD2D56FBD /* DownloadManager.swift in Sources */,
				BCA0014FD4C8857A023444FD /* Library.swift in Sources */,
				D890D1C7AD76FF618AB9D8B8 /* LibraryStore.swift in Sources */,
				5B34B748F1438A7DF9461DE9 /* LongPlayApp.swift in Sources */,
				955C8D52938C670ACD78742D /* MenuBarContentView.swift in Sources */,
				33A6116EC4D71C704644D741 /* MenuBarLabelView.swift in Sources */,
				DE06CD85D3B86DE145970B9F /* MetadataResolver.swift in Sources */,
				A8C6EAB981DD50252A793B7C /* NetworkMonitor.swift in Sources */,
				7FDD7C8749C63ADDF4566626 /* NotificationManager.swift in Sources */,
				773828250ED003F5C11999AA /* PlaybackController.swift in Sources */,
				6D4FE929433891F68D396353 /* Track.swift in Sources */,
				9C771FA676013AAAFA6A91E7 /* URLValidator.swift in Sources */,
				1815FCE09B51762B38E5A73C /* YtDlpClient.swift in Sources */,
			);
			runOnlyForDeploymentPostprocessing = 0;
		};
/* End PBXSourcesBuildPhase section */

/* Begin PBXTargetDependency section */
		6B028ABB8634EE6D0F71EB3B /* PBXTargetDependency */ = {
			isa = PBXTargetDependency;
			target = 92734DCEB2EA188AD30B87F6 /* LongPlay */;
			targetProxy = 4BCC3B5ED9053833D4F31823 /* PBXContainerItemProxy */;
		};
		A3499CD1780F549552305195 /* PBXTargetDependency */ = {
			isa = PBXTargetDependency;
			target = 92734DCEB2EA188AD30B87F6 /* LongPlay */;
			targetProxy = 1A960594905C23A83DC751E5 /* PBXContainerItemProxy */;
		};
/* End PBXTargetDependency section */

/* Begin XCBuildConfiguration section */
		35DFCD6C34D9602475CFE91F /* Debug */ = {
			isa = XCBuildConfiguration;
			buildSettings = {
				ASSETCATALOG_COMPILER_APPICON_NAME = AppIcon;
				COMBINE_HIDPI_IMAGES = YES;
				DEVELOPMENT_TEAM = K6H76QJBE9;
				INFOPLIST_FILE = Config/Info.plist;
				INFOPLIST_KEY_CFBundleDisplayName = LongPlay;
				INFOPLIST_KEY_LSApplicationCategoryType = "public.app-category.utilities";
				LD_RUNPATH_SEARCH_PATHS = (
					"$(inherited)",
					"@executable_path/../Frameworks",
				);
				MACOSX_DEPLOYMENT_TARGET = 13.0;
				PRODUCT_BUNDLE_IDENTIFIER = com.drugoi.longplay;
				PRODUCT_NAME = LongPlay;
				SDKROOT = macosx;
			};
			name = Debug;
		};
		435D46A68FF7E35D8895C6E4 /* Release */ = {
			isa = XCBuildConfiguration;
			buildSettings = {
				ALWAYS_SEARCH_USER_PATHS = NO;
				CLANG_ANALYZER_NONNULL = YES;
				CLANG_ANALYZER_NUMBER_OBJECT_CONVERSION = YES_AGGRESSIVE;
				CLANG_CXX_LANGUAGE_STANDARD = "gnu++14";
				CLANG_CXX_LIBRARY = "libc++";
				CLANG_ENABLE_MODULES = YES;
				CLANG_ENABLE_OBJC_ARC = YES;
				CLANG_ENABLE_OBJC_WEAK = YES;
				CLANG_WARN_BLOCK_CAPTURE_AUTORELEASING = YES;
				CLANG_WARN_BOOL_CONVERSION = YES;
				CLANG_WARN_COMMA = YES;
				CLANG_WARN_CONSTANT_CONVERSION = YES;
				CLANG_WARN_DEPRECATED_OBJC_IMPLEMENTATIONS = YES;
				CLANG_WARN_DIRECT_OBJC_ISA_USAGE = YES_ERROR;
				CLANG_WARN_DOCUMENTATION_COMMENTS = YES;
				CLANG_WARN_EMPTY_BODY = YES;
				CLANG_WARN_ENUM_CONVERSION = YES;
				CLANG_WARN_INFINITE_RECURSION = YES;
				CLANG_WARN_INT_CONVERSION = YES;
				CLANG_WARN_NON_LITERAL_NULL_CONVERSION = YES;
				CLANG_WARN_OBJC_IMPLICIT_RETAIN_SELF = YES;
				CLANG_WARN_OBJC_LITERAL_CONVERSION = YES;
				CLANG_WARN_OBJC_ROOT_CLASS = YES_ERROR;
				CLANG_WARN_QUOTED_INCLUDE_IN_FRAMEWORK_HEADER = YES;
				CLANG_WARN_RANGE_LOOP_ANALYSIS = YES;
				CLANG_WARN_STRICT_PROTOTYPES = YES;
				CLANG_WARN_SUSPICIOUS_MOVE = YES;
				CLANG_WARN_UNGUARDED_AVAILABILITY = YES_AGGRESSIVE;
				CLANG_WARN_UNREACHABLE_CODE = YES;
				CLANG_WARN__DUPLICATE_METHOD_MATCH = YES;
				CODE_SIGN_STYLE = Automatic;
				COPY_PHASE_STRIP = NO;
				CURRENT_PROJECT_VERSION = 1;
				DEBUG_INFORMATION_FORMAT = "dwarf-with-dsym";
				DEVELOPMENT_TEAM = "";
				ENABLE_NS_ASSERTIONS = NO;
				ENABLE_STRICT_OBJC_MSGSEND = YES;
				GCC_C_LANGUAGE_STANDARD = gnu11;
				GCC_NO_COMMON_BLOCKS = YES;
				GCC_WARN_64_TO_32_BIT_CONVERSION = YES;
				GCC_WARN_ABOUT_RETURN_TYPE = YES_ERROR;
				GCC_WARN_UNDECLARED_SELECTOR = YES;
				GCC_WARN_UNINITIALIZED_AUTOS = YES_AGGRESSIVE;
				GCC_WARN_UNUSED_FUNCTION = YES;
				GCC_WARN_UNUSED_VARIABLE = YES;
				MACOSX_DEPLOYMENT_TARGET = 13.0;
				MARKETING_VERSION = 0.1.0;
				MTL_ENABLE_DEBUG_INFO = NO;
				MTL_FAST_MATH = YES;
				PRODUCT_BUNDLE_IDENTIFIER = com.longplay.macos;
				PRODUCT_NAME = "$(TARGET_NAME)";
				SDKROOT = macosx;
				SWIFT_COMPILATION_MODE = wholemodule;
				SWIFT_OPTIMIZATION_LEVEL = "-O";
				SWIFT_VERSION = 5.9;
			};
			name = Release;
		};
		6E53558A7BC5F9A7F8A4F9B0 /* Release */ = {
			isa = XCBuildConfiguration;
			buildSettings = {
				ASSETCATALOG_COMPILER_APPICON_NAME = AppIcon;
				CODE_SIGN_ENTITLEMENTS = Config/LongPlay.entitlements;
				COMBINE_HIDPI_IMAGES = YES;
				DEVELOPMENT_TEAM = K6H76QJBE9;
				ENABLE_HARDENED_RUNTIME = YES;
				INFOPLIST_FILE = Config/Info.plist;
				INFOPLIST_KEY_CFBundleDisplayName = LongPlay;
				INFOPLIST_KEY_LSApplicationCategoryType = "public.app-category.utilities";
				LD_RUNPATH_SEARCH_PATHS = (
					"$(inherited)",
					"@executable_path/../Frameworks",
				);
				MACOSX_DEPLOYMENT_TARGET = 13.0;
				PRODUCT_BUNDLE_IDENTIFIER = com.drugoi.longplay;
				PRODUCT_NAME = LongPlay;
				SDKROOT = macosx;
			};
			name = Release;
		};
		ADD916F3681E093EC0165934 /* Debug */ = {
			isa = XCBuildConfiguration;
			buildSettings = {
				BUNDLE_LOADER = "$(TEST_HOST)";
				COMBINE_HIDPI_IMAGES = YES;
				GENERATE_INFOPLIST_FILE = YES;
				LD_RUNPATH_SEARCH_PATHS = (
					"$(inherited)",
					"@executable_path/Frameworks",
					"@loader_path/Frameworks",
				);
				MACOSX_DEPLOYMENT_TARGET = 13.0;
				SDKROOT = macosx;
				TEST_TARGET_NAME = LongPlay;
			};
			name = Debug;
		};
		C266AC72C062974E5DAC1E90 /* Debug */ = {
			isa = XCBuildConfiguration;
			buildSettings = {
				BUNDLE_LOADER = "$(TEST_HOST)";
				COMBINE_HIDPI_IMAGES = YES;
				GENERATE_INFOPLIST_FILE = YES;
				LD_RUNPATH_SEARCH_PATHS = (
					"$(inherited)",
					"@executable_path/../Frameworks",
					"@loader_path/../Frameworks",
				);
				MACOSX_DEPLOYMENT_TARGET = 13.0;
				SDKROOT = macosx;
				TEST_HOST = "$(BUILT_PRODUCTS_DIR)/LongPlay.app/Contents/MacOS/LongPlay";
			};
			name = Debug;
		};
		D214395CB1154E793330F9C0 /* Release */ = {
			isa = XCBuildConfiguration;
			buildSettings = {
				BUNDLE_LOADER = "$(TEST_HOST)";
				COMBINE_HIDPI_IMAGES = YES;
				GENERATE_INFOPLIST_FILE = YES;
				LD_RUNPATH_SEARCH_PATHS = (
					"$(inherited)",
					"@executable_path/../Frameworks",
					"@loader_path/../Frameworks",
				);
				MACOSX_DEPLOYMENT_TARGET = 13.0;
				SDKROOT = macosx;
				TEST_HOST = "$(BUILT_PRODUCTS_DIR)/LongPlay.app/Contents/MacOS/LongPlay";
			};
			name = Release;
		};
		E0B6EC223C8D93ACFB4B3B67 /* Debug */ = {
			isa = XCBuildConfiguration;
			buildSettings = {
				ALWAYS_SEARCH_USER_PATHS = NO;
				CLANG_ANALYZER_NONNULL = YES;
				CLANG_ANALYZER_NUMBER_OBJECT_CONVERSION = YES_AGGRESSIVE;
				CLANG_CXX_LANGUAGE_STANDARD = "gnu++14";
				CLANG_CXX_LIBRARY = "libc++";
				CLANG_ENABLE_MODULES = YES;
				CLANG_ENABLE_OBJC_ARC = YES;
				CLANG_ENABLE_OBJC_WEAK = YES;
				CLANG_WARN_BLOCK_CAPTURE_AUTORELEASING = YES;
				CLANG_WARN_BOOL_CONVERSION = YES;
				CLANG_WARN_COMMA = YES;
				CLANG_WARN_CONSTANT_CONVERSION = YES;
				CLANG_WARN_DEPRECATED_OBJC_IMPLEMENTATIONS = YES;
				CLANG_WARN_DIRECT_OBJC_ISA_USAGE = YES_ERROR;
				CLANG_WARN_DOCUMENTATION_COMMENTS = YES;
				CLANG_WARN_EMPTY_BODY = YES;
				CLANG_WARN_ENUM_CONVERSION = YES;
				CLANG_WARN_INFINITE_RECURSION = YES;
				CLANG_WARN_INT_CONVERSION = YES;
				CLANG_WARN_NON_LITERAL_NULL_CONVERSION = YES;
				CLANG_WARN_OBJC_IMPLICIT_RETAIN_SELF = YES;
				CLANG_WARN_OBJC_LITERAL_CONVERSION = YES;
				CLANG_WARN_OBJC_ROOT_CLASS = YES_ERROR;
				CLANG_WARN_QUOTED_INCLUDE_IN_FRAMEWORK_HEADER = YES;
				CLANG_WARN_RANGE_LOOP_ANALYSIS = YES;
				CLANG_WARN_STRICT_PROTOTYPES = YES;
				CLANG_WARN_SUSPICIOUS_MOVE = YES;
				CLANG_WARN_UNGUARDED_AVAILABILITY = YES_AGGRESSIVE;
				CLANG_WARN_UNREACHABLE_CODE = YES;
				CLANG_WARN__DUPLICATE_METHOD_MATCH = YES;
				CODE_SIGN_STYLE = Automatic;
				COPY_PHASE_STRIP = NO;
				CURRENT_PROJECT_VERSION = 1;
				DEBUG_INFORMATION_FORMAT = dwarf;
				DEVELOPMENT_TEAM = "";
				ENABLE_STRICT_OBJC_MSGSEND = YES;
				ENABLE_TESTABILITY = YES;
				GCC_C_LANGUAGE_STANDARD = gnu11;
				GCC_DYNAMIC_NO_PIC = NO;
				GCC_NO_COMMON_BLOCKS = YES;
				GCC_OPTIMIZATION_LEVEL = 0;
				GCC_PREPROCESSOR_DEFINITIONS = (
					"$(inherited)",
					"DEBUG=1",
				);
				GCC_WARN_64_TO_32_BIT_CONVERSION = YES;
				GCC_WARN_ABOUT_RETURN_TYPE = YES_ERROR;
				GCC_WARN_UNDECLARED_SELECTOR = YES;
				GCC_WARN_UNINITIALIZED_AUTOS = YES_AGGRESSIVE;
				GCC_WARN_UNUSED_FUNCTION = YES;
				GCC_WARN_UNUSED_VARIABLE = YES;
				MACOSX_DEPLOYMENT_TARGET = 13.0;
				MARKETING_VERSION = 0.1.0;
				MTL_ENABLE_DEBUG_INFO = INCLUDE_SOURCE;
				MTL_FAST_MATH = YES;
				ONLY_ACTIVE_ARCH = YES;
				PRODUCT_BUNDLE_IDENTIFIER = com.longplay.macos;
				PRODUCT_NAME = "$(TARGET_NAME)";
				SDKROOT = macosx;
				SWIFT_ACTIVE_COMPILATION_CONDITIONS = DEBUG;
				SWIFT_OPTIMIZATION_LEVEL = "-Onone";
				SWIFT_VERSION = 5.9;
			};
			name = Debug;
		};
		E7E4348D283AADEED44A15F1 /* Release */ = {
			isa = XCBuildConfiguration;
			buildSettings = {
				BUNDLE_LOADER = "$(TEST_HOST)";
				COMBINE_HIDPI_IMAGES = YES;
				GENERATE_INFOPLIST_FILE = YES;
				LD_RUNPATH_SEARCH_PATHS = (
					"$(inherited)",
					"@executable_path/Frameworks",
					"@loader_path/Frameworks",
				);
				MACOSX_DEPLOYMENT_TARGET = 13.0;
				SDKROOT = macosx;
				TEST_TARGET_NAME = LongPlay;
			};
			name = Release;
		};
/* End XCBuildConfiguration section */

/* Begin XCConfigurationList section */
		2EB5084476187FC7A3D1C4B4 /* Build configuration list for PBXNativeTarget "LongPlay" */ = {
			isa = XCConfigurationList;
			buildConfigurations = (
				35DFCD6C34D9602475CFE91F /* Debug */,
				6E53558A7BC5F9A7F8A4F9B0 /* Release */,
			);
			defaultConfigurationIsVisible = 0;
			defaultConfigurationName = Debug;
		};
		46A133B80FD979E32B0F4D95 /* Build configuration list for PBXProject "LongPlay" */ = {
			isa = XCConfigurationList;
			buildConfigurations = (
				E0B6EC223C8D93ACFB4B3B67 /* Debug */,
				435D46A68FF7E35D8895C6E4 /* Release */,
			);
			defaultConfigurationIsVisible = 0;
			defaultConfigurationName = Debug;
		};
		7043EA28C00DAB80933E76B8 /* Build configuration list for PBXNativeTarget "LongPlayUITests" */ = {
			isa = XCConfigurationList;
			buildConfigurations = (
				ADD916F3681E093EC0165934 /* Debug */,
				E7E4348D283AADEED44A15F1 /* Release */,
			);
			defaultConfigurationIsVisible = 0;
			defaultConfigurationName = Debug;
		};
		CF74A6D9DFD09980F5A0CD3C /* Build configuration list for PBXNativeTarget "LongPlayTests" */ = {
			isa = XCConfigurationList;
			buildConfigurations = (
				C266AC72C062974E5DAC1E90 /* Debug */,
				D214395CB1154E793330F9C0 /* Release */,
			);
			defaultConfigurationIsVisible = 0;
			defaultConfigurationName = Debug;
		};
/* End XCConfigurationList section */
	};
	rootObject = 0A3F4F96FCD3C2EFA825BA62 /* Project object */;
}
